PODS:
  - google-cast-sdk (3.2.0):
    - google-cast-sdk/Core (= 3.2.0)
  - google-cast-sdk/Core (3.2.0)
  - GoogleAds-IMA-iOS-SDK (3.13.0)
  - KalturaPlayerSDKStreamamg (3.0.3):
    - KalturaPlayerSDKStreamamg/Core (= 3.0.3)
    - KalturaPlayerSDKStreamamg/GoogleCast (= 3.0.3)
    - KalturaPlayerSDKStreamamg/Widevine (= 3.0.3)
  - KalturaPlayerSDKStreamamg/Core (3.0.3)
  - KalturaPlayerSDKStreamamg/GoogleCast (3.0.3):
    - google-cast-sdk (~> 3.2.0)
  - KalturaPlayerSDKStreamamg/Widevine (3.0.3)

DEPENDENCIES:
  - google-cast-sdk
  - GoogleAds-IMA-iOS-SDK (~> 3.13.0)
  - KalturaPlayerSDKStreamamg (from `../kaltura-ios-sdk`)

SPEC REPOS:
  trunk:
    - google-cast-sdk
    - GoogleAds-IMA-iOS-SDK

EXTERNAL SOURCES:
  KalturaPlayerSDKStreamamg:
    :path: "../kaltura-ios-sdk"

SPEC CHECKSUMS:
  google-cast-sdk: f4c2a14214ad486cc26a8f8837e8481c906a0ea8
  GoogleAds-IMA-iOS-SDK: b8d3693d370edcbd1440c827897c2b2a0b76673d
  KalturaPlayerSDKStreamamg: 32c7f4202b7f5177fa4b9a0b7faf6efc1d3f6438

PODFILE CHECKSUM: ff32272fb24c29f4b21d2ec8dfb7e4a8517b9d24

COCOAPODS: 1.10.1
